<?xml version="1.0" encoding="utf-8"?>
<Project ToolsVersion="4.0" xmlns="http://schemas.microsoft.com/developer/msbuild/2003">
  <ItemGroup>
    <Filter Include="Source Files">
      <UniqueIdentifier>{4FC737F1-C7A5-4376-A066-2A32D752A2FF}</UniqueIdentifier>
      <Extensions>cpp;c;cc;cxx;c++;cppm;ixx;def;odl;idl;hpj;bat;asm;asmx</Extensions>
    </Filter>
    <Filter Include="Header Files">
      <UniqueIdentifier>{93995380-89BD-4b04-88EB-625FBE52EBFB}</UniqueIdentifier>
      <Extensions>h;hh;hpp;hxx;h++;hm;inl;inc;ipp;xsd</Extensions>
    </Filter>
    <Filter Include="Resource Files">
      <UniqueIdentifier>{67DA6AB6-F800-4c08-8B7A-83BB121AAD01}</UniqueIdentifier>
      <Extensions>rc;ico;cur;bmp;dlg;rc2;rct;bin;rgs;gif;jpg;jpeg;jpe;resx;tiff;tif;png;wav;mfcribbon-ms</Extensions>
    </Filter>
    <Filter Include="Source Files\Behaviours">
      <UniqueIdentifier>{328ede1c-150b-46f8-8255-8809c065deb9}</UniqueIdentifier>
    </Filter>
    <Filter Include="Source Files\Conditions">
      <UniqueIdentifier>{da4c4d0d-437d-4c80-b6c4-51fad78df52c}</UniqueIdentifier>
    </Filter>
    <Filter Include="Header Files\Behaviour">
      <UniqueIdentifier>{b806fbaf-9459-4cd2-9634-88916cb7dc2f}</UniqueIdentifier>
    </Filter>
    <Filter Include="Header Files\Condition">
      <UniqueIdentifier>{217ab6ab-eb31-4240-abfe-b28e65f26b93}</UniqueIdentifier>
    </Filter>
    <Filter Include="Header Files\Poly2Tri">
      <UniqueIdentifier>{4862c178-3877-4811-9831-3022a8628977}</UniqueIdentifier>
    </Filter>
    <Filter Include="Header Files\Poly2Tri\Common">
      <UniqueIdentifier>{b57126bd-e355-4b60-b4f2-94358799b42d}</UniqueIdentifier>
    </Filter>
    <Filter Include="Header Files\Poly2Tri\Sweep">
      <UniqueIdentifier>{e70ff6ef-4aa1-4ced-aca8-9c62564733a6}</UniqueIdentifier>
    </Filter>
    <Filter Include="Source Files\Poly2Tri">
      <UniqueIdentifier>{e03cd10c-f341-493f-86df-acad2d7a92d8}</UniqueIdentifier>
    </Filter>
    <Filter Include="Source Files\Poly2Tri\Sweep">
      <UniqueIdentifier>{cdf6769f-277d-483d-8efd-d20c3e92d6fc}</UniqueIdentifier>
    </Filter>
    <Filter Include="Source Files\Poly2Tri\Common">
      <UniqueIdentifier>{62b39f8a-31ec-46be-b9c2-421623ef91d3}</UniqueIdentifier>
    </Filter>
  </ItemGroup>
  <ItemGroup>
    <ClCompile Include="main.cpp">
      <Filter>Source Files</Filter>
    </ClCompile>
    <ClCompile Include="NodeMap.cpp">
      <Filter>Source Files</Filter>
    </ClCompile>
    <ClCompile Include="PathAgent.cpp">
      <Filter>Source Files</Filter>
    </ClCompile>
    <ClCompile Include="Pathfinding.cpp">
      <Filter>Source Files</Filter>
    </ClCompile>
    <ClCompile Include="Agent.cpp">
      <Filter>Source Files</Filter>
    </ClCompile>
    <ClCompile Include="GotoBehaviour.cpp">
      <Filter>Source Files\Behaviours</Filter>
    </ClCompile>
    <ClCompile Include="WanderBehaviour.cpp">
      <Filter>Source Files\Behaviours</Filter>
    </ClCompile>
    <ClCompile Include="FollowBehaviour.cpp">
      <Filter>Source Files\Behaviours</Filter>
    </ClCompile>
    <ClCompile Include="SelectorBehaviour.cpp">
      <Filter>Source Files\Behaviours</Filter>
    </ClCompile>
    <ClCompile Include="State.cpp">
      <Filter>Source Files</Filter>
    </ClCompile>
    <ClCompile Include="FiniteStateMachine.cpp">
      <Filter>Source Files</Filter>
    </ClCompile>
    <ClCompile Include="DistanceCondition.cpp">
      <Filter>Source Files\Conditions</Filter>
    </ClCompile>
    <ClCompile Include="UtilityAI.cpp">
      <Filter>Source Files</Filter>
    </ClCompile>
    <ClCompile Include="sweep\advancing_front.cc">
      <Filter>Source Files\Poly2Tri\Sweep</Filter>
    </ClCompile>
    <ClCompile Include="sweep\sweep.cc">
      <Filter>Source Files\Poly2Tri\Sweep</Filter>
    </ClCompile>
    <ClCompile Include="sweep\sweep_context.cc">
      <Filter>Source Files\Poly2Tri\Sweep</Filter>
    </ClCompile>
    <ClCompile Include="sweep\cdt.cc">
      <Filter>Source Files\Poly2Tri\Sweep</Filter>
    </ClCompile>
    <ClCompile Include="common\shapes.cc">
      <Filter>Source Files\Poly2Tri\Common</Filter>
    </ClCompile>
    <ClCompile Include="NavMesh.cpp">
      <Filter>Source Files</Filter>
    </ClCompile>
  </ItemGroup>
  <ItemGroup>
    <ClInclude Include="NodeMap.h">
      <Filter>Header Files</Filter>
    </ClInclude>
    <ClInclude Include="PathAgent.h">
      <Filter>Header Files</Filter>
    </ClInclude>
    <ClInclude Include="Pathfinding.h">
      <Filter>Header Files</Filter>
    </ClInclude>
    <ClInclude Include="Agent.h">
      <Filter>Header Files</Filter>
    </ClInclude>
    <ClInclude Include="Behaviour.h">
      <Filter>Header Files</Filter>
    </ClInclude>
    <ClInclude Include="Condition.h">
      <Filter>Header Files</Filter>
    </ClInclude>
    <ClInclude Include="State.h">
      <Filter>Header Files</Filter>
    </ClInclude>
    <ClInclude Include="FiniteStateMachine.h">
      <Filter>Header Files</Filter>
    </ClInclude>
    <ClInclude Include="DistanceCondition.h">
      <Filter>Header Files\Condition</Filter>
    </ClInclude>
    <ClInclude Include="GotoBehaviour.h">
      <Filter>Header Files\Behaviour</Filter>
    </ClInclude>
    <ClInclude Include="FollowBehaviour.h">
      <Filter>Header Files\Behaviour</Filter>
    </ClInclude>
    <ClInclude Include="SelectorBehaviour.h">
      <Filter>Header Files\Behaviour</Filter>
    </ClInclude>
    <ClInclude Include="WanderBehaviour.h">
      <Filter>Header Files\Behaviour</Filter>
    </ClInclude>
    <ClInclude Include="UtilityAI.h">
      <Filter>Header Files</Filter>
    </ClInclude>
    <ClInclude Include="sweep\sweep_context.h">
      <Filter>Header Files\Poly2Tri\Sweep</Filter>
    </ClInclude>
    <ClInclude Include="sweep\sweep.h">
      <Filter>Header Files\Poly2Tri\Sweep</Filter>
    </ClInclude>
    <ClInclude Include="sweep\cdt.h">
      <Filter>Header Files\Poly2Tri\Sweep</Filter>
    </ClInclude>
    <ClInclude Include="sweep\advancing_front.h">
      <Filter>Header Files\Poly2Tri\Sweep</Filter>
    </ClInclude>
    <ClInclude Include="poly2tri.h">
      <Filter>Header Files\Poly2Tri</Filter>
    </ClInclude>
    <ClInclude Include="common\shapes.h">
      <Filter>Header Files\Poly2Tri\Common</Filter>
    </ClInclude>
    <ClInclude Include="common\utils.h">
      <Filter>Header Files\Poly2Tri\Common</Filter>
    </ClInclude>
    <ClInclude Include="NavMesh.h">
      <Filter>Header Files</Filter>
    </ClInclude>
    <ClInclude Include="INavigatable.h">
      <Filter>Header Files</Filter>
    </ClInclude>
  </ItemGroup>
</Project>